
Microsoft Visual Studio Solution File, Format Version 12.00
# Visual Studio 15
VisualStudioVersion = 15.0.28307.329
MinimumVisualStudioVersion = 10.0.40219.1
Project("{FAE04EC0-301F-11D3-BF4B-00C04F79EFBC}") = "Identity", "Identity\Identity.csproj", "{2CE6DC22-D425-4408-9248-52F61B53CBE2}"
EndProject
Global
	GlobalSection(SolutionConfigurationPlatforms) = preSolution
		Debug|Any CPU = Debug|Any CPU
		Release|Any CPU = Release|Any CPU
	EndGlobalSection
	GlobalSection(ProjectConfigurationPlatforms) = postSolution
		{2CE6DC22-D425-4408-9248-52F61B53CBE2}.Debug|Any CPU.ActiveCfg = Debug|Any CPU
		{2CE6DC22-D425-4408-9248-52F61B53CBE2}.Debug|Any CPU.Build.0 = Debug|Any CPU
		{2CE6DC22-D425-4408-9248-52F61B53CBE2}.Release|Any CPU.ActiveCfg = Release|Any CPU
		{2CE6DC22-D425-4408-9248-52F61B53CBE2}.Release|Any CPU.Build.0 = Release|Any CPU
	EndGlobalSection
	GlobalSection(SolutionProperties) = preSolution
		HideSolutionNode = FALSE
	EndGlobalSection
	GlobalSection(ExtensibilityGlobals) = postSolution
		SolutionGuid = {CDB74E0A-D77A-4B1B-A0A9-73F87EC4DB2A}
	EndGlobalSection
EndGlobal
